
Microsoft Visual Studio Solution File, Format Version 12.00
# Visual Studio Version 16
VisualStudioVersion = 25.0.1703.8
MinimumVisualStudioVersion = 10.0.40219.1
Project("{FAE04EC0-301F-11D3-BF4B-00C04F79EFBC}") = "BasicAPI", "BasicAPI\BasicAPI.csproj", "{32F40B5F-C36B-423A-89F4-86A3A6ACB6E2}"
EndProject
Global
	GlobalSection(SolutionConfigurationPlatforms) = preSolution
		Debug|Any CPU = Debug|Any CPU
		Release|Any CPU = Release|Any CPU
	EndGlobalSection
	GlobalSection(ProjectConfigurationPlatforms) = postSolution
		{32F40B5F-C36B-423A-89F4-86A3A6ACB6E2}.Debug|Any CPU.ActiveCfg = Debug|Any CPU
		{32F40B5F-C36B-423A-89F4-86A3A6ACB6E2}.Debug|Any CPU.Build.0 = Debug|Any CPU
		{32F40B5F-C36B-423A-89F4-86A3A6ACB6E2}.Release|Any CPU.ActiveCfg = Release|Any CPU
		{32F40B5F-C36B-423A-89F4-86A3A6ACB6E2}.Release|Any CPU.Build.0 = Release|Any CPU
	EndGlobalSection
	GlobalSection(SolutionProperties) = preSolution
		HideSolutionNode = FALSE
	EndGlobalSection
	GlobalSection(ExtensibilityGlobals) = postSolution
		SolutionGuid = {AC0B39D5-44FA-4337-BC14-8199D9AF72AB}
	EndGlobalSection
EndGlobal
